
Microsoft Visual Studio Solution File, Format Version 12.00
# Visual Studio 15
VisualStudioVersion = 15.0.28307.2092
MinimumVisualStudioVersion = 10.0.40219.1
Project("{FAE04EC0-301F-11D3-BF4B-00C04F79EFBC}") = "Practice2_2", "Practice2_2\Practice2_2.csproj", "{5C9DEFAB-7633-4C83-B842-F4D2294E8426}"
EndProject
Global
	GlobalSection(SolutionConfigurationPlatforms) = preSolution
		Debug|Any CPU = Debug|Any CPU
		Release|Any CPU = Release|Any CPU
	EndGlobalSection
	GlobalSection(ProjectConfigurationPlatforms) = postSolution
		{5C9DEFAB-7633-4C83-B842-F4D2294E8426}.Debug|Any CPU.ActiveCfg = Debug|Any CPU
		{5C9DEFAB-7633-4C83-B842-F4D2294E8426}.Debug|Any CPU.Build.0 = Debug|Any CPU
		{5C9DEFAB-7633-4C83-B842-F4D2294E8426}.Release|Any CPU.ActiveCfg = Release|Any CPU
		{5C9DEFAB-7633-4C83-B842-F4D2294E8426}.Release|Any CPU.Build.0 = Release|Any CPU
	EndGlobalSection
	GlobalSection(SolutionProperties) = preSolution
		HideSolutionNode = FALSE
	EndGlobalSection
	GlobalSection(ExtensibilityGlobals) = postSolution
		SolutionGuid = {0B2E2C28-D4FB-4E4C-B802-6B0C1464292F}
	EndGlobalSection
EndGlobal
