
Microsoft Visual Studio Solution File, Format Version 12.00
# Visual Studio 15
VisualStudioVersion = 15.0.28307.2092
MinimumVisualStudioVersion = 10.0.40219.1
Project("{FAE04EC0-301F-11D3-BF4B-00C04F79EFBC}") = "WindowsFormsApp4", "WindowsFormsApp4\WindowsFormsApp4.csproj", "{30067E0A-8446-48BD-A511-B30C2AC48AEA}"
EndProject
Global
	GlobalSection(SolutionConfigurationPlatforms) = preSolution
		Debug|Any CPU = Debug|Any CPU
		Release|Any CPU = Release|Any CPU
	EndGlobalSection
	GlobalSection(ProjectConfigurationPlatforms) = postSolution
		{30067E0A-8446-48BD-A511-B30C2AC48AEA}.Debug|Any CPU.ActiveCfg = Debug|Any CPU
		{30067E0A-8446-48BD-A511-B30C2AC48AEA}.Debug|Any CPU.Build.0 = Debug|Any CPU
		{30067E0A-8446-48BD-A511-B30C2AC48AEA}.Release|Any CPU.ActiveCfg = Release|Any CPU
		{30067E0A-8446-48BD-A511-B30C2AC48AEA}.Release|Any CPU.Build.0 = Release|Any CPU
	EndGlobalSection
	GlobalSection(SolutionProperties) = preSolution
		HideSolutionNode = FALSE
	EndGlobalSection
	GlobalSection(ExtensibilityGlobals) = postSolution
		SolutionGuid = {A8991CB6-CA32-44E7-818F-FC3D861696B2}
	EndGlobalSection
EndGlobal
